
Microsoft Visual Studio Solution File, Format Version 10.00
# Visual Studio 2008
Project("{FAE04EC0-301F-11D3-BF4B-00C04F79EFBC}") = "SOApiDotNet", "SOApi\SOApiDotNet.csproj", "{E8ECD8C9-8299-471B-B558-A9AB51EF6351}"
EndProject
Project("{FAE04EC0-301F-11D3-BF4B-00C04F79EFBC}") = "SOApiDotNetTester", "SOApiTester\SOApiDotNetTester.csproj", "{5E790A51-EE00-4307-9698-16C13FC9DAB0}"
EndProject
Global
	GlobalSection(SolutionConfigurationPlatforms) = preSolution
		Debug|Any CPU = Debug|Any CPU
		Release|Any CPU = Release|Any CPU
	EndGlobalSection
	GlobalSection(ProjectConfigurationPlatforms) = postSolution
		{E8ECD8C9-8299-471B-B558-A9AB51EF6351}.Debug|Any CPU.ActiveCfg = Debug|Any CPU
		{E8ECD8C9-8299-471B-B558-A9AB51EF6351}.Debug|Any CPU.Build.0 = Debug|Any CPU
		{E8ECD8C9-8299-471B-B558-A9AB51EF6351}.Release|Any CPU.ActiveCfg = Release|Any CPU
		{E8ECD8C9-8299-471B-B558-A9AB51EF6351}.Release|Any CPU.Build.0 = Release|Any CPU
		{5E790A51-EE00-4307-9698-16C13FC9DAB0}.Debug|Any CPU.ActiveCfg = Debug|Any CPU
		{5E790A51-EE00-4307-9698-16C13FC9DAB0}.Debug|Any CPU.Build.0 = Debug|Any CPU
		{5E790A51-EE00-4307-9698-16C13FC9DAB0}.Release|Any CPU.ActiveCfg = Release|Any CPU
		{5E790A51-EE00-4307-9698-16C13FC9DAB0}.Release|Any CPU.Build.0 = Release|Any CPU
	EndGlobalSection
	GlobalSection(SolutionProperties) = preSolution
		HideSolutionNode = FALSE
	EndGlobalSection
EndGlobal
